
Microsoft Visual Studio Solution File, Format Version 12.00
# Visual Studio 15
VisualStudioVersion = 15.0.28010.2048
MinimumVisualStudioVersion = 10.0.40219.1
Project("{FAE04EC0-301F-11D3-BF4B-00C04F79EFBC}") = "Bitirme.Eticaret.UI.WEB", "Bitirme.Eticaret.UI.WEB\Bitirme.Eticaret.UI.WEB.csproj", "{5CC5BE35-C11A-43DD-8953-E41120AB315C}"
EndProject
Project("{FAE04EC0-301F-11D3-BF4B-00C04F79EFBC}") = "Bitirme.Eticaret.Core.Model", "Bitirme.Eticaret.Core.Model\Bitirme.Eticaret.Core.Model.csproj", "{EE7E2E89-D7BC-456A-BAF3-A576716B0A63}"
EndProject
Global
	GlobalSection(SolutionConfigurationPlatforms) = preSolution
		Debug|Any CPU = Debug|Any CPU
		Release|Any CPU = Release|Any CPU
	EndGlobalSection
	GlobalSection(ProjectConfigurationPlatforms) = postSolution
		{5CC5BE35-C11A-43DD-8953-E41120AB315C}.Debug|Any CPU.ActiveCfg = Debug|Any CPU
		{5CC5BE35-C11A-43DD-8953-E41120AB315C}.Debug|Any CPU.Build.0 = Debug|Any CPU
		{5CC5BE35-C11A-43DD-8953-E41120AB315C}.Release|Any CPU.ActiveCfg = Release|Any CPU
		{5CC5BE35-C11A-43DD-8953-E41120AB315C}.Release|Any CPU.Build.0 = Release|Any CPU
		{EE7E2E89-D7BC-456A-BAF3-A576716B0A63}.Debug|Any CPU.ActiveCfg = Debug|Any CPU
		{EE7E2E89-D7BC-456A-BAF3-A576716B0A63}.Debug|Any CPU.Build.0 = Debug|Any CPU
		{EE7E2E89-D7BC-456A-BAF3-A576716B0A63}.Release|Any CPU.ActiveCfg = Release|Any CPU
		{EE7E2E89-D7BC-456A-BAF3-A576716B0A63}.Release|Any CPU.Build.0 = Release|Any CPU
	EndGlobalSection
	GlobalSection(SolutionProperties) = preSolution
		HideSolutionNode = FALSE
	EndGlobalSection
	GlobalSection(ExtensibilityGlobals) = postSolution
		SolutionGuid = {532987FD-BB97-4DA3-8DDA-F827440BDAAB}
	EndGlobalSection
EndGlobal
